
Microsoft Visual Studio Solution File, Format Version 12.00
# Visual Studio 14
VisualStudioVersion = 14.0.25420.1
MinimumVisualStudioVersion = 10.0.40219.1
Project("{FAE04EC0-301F-11D3-BF4B-00C04F79EFBC}") = "SCEyP", "Views\SCEyP.csproj", "{E73A8730-A46B-4700-A8B1-69FE6AB3E49D}"
EndProject
Project("{FAE04EC0-301F-11D3-BF4B-00C04F79EFBC}") = "Controllers", "Controllers\Controllers.csproj", "{257E6C73-54C1-403D-9B45-CAB11F596276}"
EndProject
Project("{FAE04EC0-301F-11D3-BF4B-00C04F79EFBC}") = "Models", "Models\Models.csproj", "{0291728C-E816-4E84-AA51-92BDDE7E8CC2}"
EndProject
Global
	GlobalSection(SolutionConfigurationPlatforms) = preSolution
		CD_ROM|Any CPU = CD_ROM|Any CPU
		CD_ROM|x64 = CD_ROM|x64
		CD_ROM|x86 = CD_ROM|x86
		Debug|Any CPU = Debug|Any CPU
		Debug|x64 = Debug|x64
		Debug|x86 = Debug|x86
		DVD-5|Any CPU = DVD-5|Any CPU
		DVD-5|x64 = DVD-5|x64
		DVD-5|x86 = DVD-5|x86
		Release|Any CPU = Release|Any CPU
		Release|x64 = Release|x64
		Release|x86 = Release|x86
		SingleImage|Any CPU = SingleImage|Any CPU
		SingleImage|x64 = SingleImage|x64
		SingleImage|x86 = SingleImage|x86
	EndGlobalSection
	GlobalSection(ProjectConfigurationPlatforms) = postSolution
		{E73A8730-A46B-4700-A8B1-69FE6AB3E49D}.CD_ROM|Any CPU.ActiveCfg = Release|Any CPU
		{E73A8730-A46B-4700-A8B1-69FE6AB3E49D}.CD_ROM|Any CPU.Build.0 = Release|Any CPU
		{E73A8730-A46B-4700-A8B1-69FE6AB3E49D}.CD_ROM|x64.ActiveCfg = Release|x64
		{E73A8730-A46B-4700-A8B1-69FE6AB3E49D}.CD_ROM|x64.Build.0 = Release|x64
		{E73A8730-A46B-4700-A8B1-69FE6AB3E49D}.CD_ROM|x86.ActiveCfg = Release|x86
		{E73A8730-A46B-4700-A8B1-69FE6AB3E49D}.CD_ROM|x86.Build.0 = Release|x86
		{E73A8730-A46B-4700-A8B1-69FE6AB3E49D}.Debug|Any CPU.ActiveCfg = Debug|Any CPU
		{E73A8730-A46B-4700-A8B1-69FE6AB3E49D}.Debug|Any CPU.Build.0 = Debug|Any CPU
		{E73A8730-A46B-4700-A8B1-69FE6AB3E49D}.Debug|x64.ActiveCfg = Debug|x64
		{E73A8730-A46B-4700-A8B1-69FE6AB3E49D}.Debug|x64.Build.0 = Debug|x64
		{E73A8730-A46B-4700-A8B1-69FE6AB3E49D}.Debug|x86.ActiveCfg = Debug|Any CPU
		{E73A8730-A46B-4700-A8B1-69FE6AB3E49D}.Debug|x86.Build.0 = Debug|Any CPU
		{E73A8730-A46B-4700-A8B1-69FE6AB3E49D}.DVD-5|Any CPU.ActiveCfg = Debug|Any CPU
		{E73A8730-A46B-4700-A8B1-69FE6AB3E49D}.DVD-5|Any CPU.Build.0 = Debug|Any CPU
		{E73A8730-A46B-4700-A8B1-69FE6AB3E49D}.DVD-5|x64.ActiveCfg = Debug|x64
		{E73A8730-A46B-4700-A8B1-69FE6AB3E49D}.DVD-5|x64.Build.0 = Debug|x64
		{E73A8730-A46B-4700-A8B1-69FE6AB3E49D}.DVD-5|x86.ActiveCfg = Debug|x86
		{E73A8730-A46B-4700-A8B1-69FE6AB3E49D}.DVD-5|x86.Build.0 = Debug|x86
		{E73A8730-A46B-4700-A8B1-69FE6AB3E49D}.Release|Any CPU.ActiveCfg = Release|Any CPU
		{E73A8730-A46B-4700-A8B1-69FE6AB3E49D}.Release|Any CPU.Build.0 = Release|Any CPU
		{E73A8730-A46B-4700-A8B1-69FE6AB3E49D}.Release|x64.ActiveCfg = Release|x64
		{E73A8730-A46B-4700-A8B1-69FE6AB3E49D}.Release|x64.Build.0 = Release|x64
		{E73A8730-A46B-4700-A8B1-69FE6AB3E49D}.Release|x86.ActiveCfg = Release|x86
		{E73A8730-A46B-4700-A8B1-69FE6AB3E49D}.Release|x86.Build.0 = Release|x86
		{E73A8730-A46B-4700-A8B1-69FE6AB3E49D}.SingleImage|Any CPU.ActiveCfg = Release|Any CPU
		{E73A8730-A46B-4700-A8B1-69FE6AB3E49D}.SingleImage|Any CPU.Build.0 = Release|Any CPU
		{E73A8730-A46B-4700-A8B1-69FE6AB3E49D}.SingleImage|x64.ActiveCfg = Release|x64
		{E73A8730-A46B-4700-A8B1-69FE6AB3E49D}.SingleImage|x64.Build.0 = Release|x64
		{E73A8730-A46B-4700-A8B1-69FE6AB3E49D}.SingleImage|x86.ActiveCfg = Release|x86
		{E73A8730-A46B-4700-A8B1-69FE6AB3E49D}.SingleImage|x86.Build.0 = Release|x86
		{257E6C73-54C1-403D-9B45-CAB11F596276}.CD_ROM|Any CPU.ActiveCfg = Release|Any CPU
		{257E6C73-54C1-403D-9B45-CAB11F596276}.CD_ROM|Any CPU.Build.0 = Release|Any CPU
		{257E6C73-54C1-403D-9B45-CAB11F596276}.CD_ROM|x64.ActiveCfg = Release|x64
		{257E6C73-54C1-403D-9B45-CAB11F596276}.CD_ROM|x64.Build.0 = Release|x64
		{257E6C73-54C1-403D-9B45-CAB11F596276}.CD_ROM|x86.ActiveCfg = Release|x86
		{257E6C73-54C1-403D-9B45-CAB11F596276}.CD_ROM|x86.Build.0 = Release|x86
		{257E6C73-54C1-403D-9B45-CAB11F596276}.Debug|Any CPU.ActiveCfg = Debug|Any CPU
		{257E6C73-54C1-403D-9B45-CAB11F596276}.Debug|Any CPU.Build.0 = Debug|Any CPU
		{257E6C73-54C1-403D-9B45-CAB11F596276}.Debug|x64.ActiveCfg = Debug|x64
		{257E6C73-54C1-403D-9B45-CAB11F596276}.Debug|x64.Build.0 = Debug|x64
		{257E6C73-54C1-403D-9B45-CAB11F596276}.Debug|x86.ActiveCfg = Debug|Any CPU
		{257E6C73-54C1-403D-9B45-CAB11F596276}.Debug|x86.Build.0 = Debug|Any CPU
		{257E6C73-54C1-403D-9B45-CAB11F596276}.DVD-5|Any CPU.ActiveCfg = Debug|Any CPU
		{257E6C73-54C1-403D-9B45-CAB11F596276}.DVD-5|Any CPU.Build.0 = Debug|Any CPU
		{257E6C73-54C1-403D-9B45-CAB11F596276}.DVD-5|x64.ActiveCfg = Debug|x64
		{257E6C73-54C1-403D-9B45-CAB11F596276}.DVD-5|x64.Build.0 = Debug|x64
		{257E6C73-54C1-403D-9B45-CAB11F596276}.DVD-5|x86.ActiveCfg = Debug|x86
		{257E6C73-54C1-403D-9B45-CAB11F596276}.DVD-5|x86.Build.0 = Debug|x86
		{257E6C73-54C1-403D-9B45-CAB11F596276}.Release|Any CPU.ActiveCfg = Release|Any CPU
		{257E6C73-54C1-403D-9B45-CAB11F596276}.Release|Any CPU.Build.0 = Release|Any CPU
		{257E6C73-54C1-403D-9B45-CAB11F596276}.Release|x64.ActiveCfg = Release|x64
		{257E6C73-54C1-403D-9B45-CAB11F596276}.Release|x64.Build.0 = Release|x64
		{257E6C73-54C1-403D-9B45-CAB11F596276}.Release|x86.ActiveCfg = Release|x86
		{257E6C73-54C1-403D-9B45-CAB11F596276}.Release|x86.Build.0 = Release|x86
		{257E6C73-54C1-403D-9B45-CAB11F596276}.SingleImage|Any CPU.ActiveCfg = Release|Any CPU
		{257E6C73-54C1-403D-9B45-CAB11F596276}.SingleImage|Any CPU.Build.0 = Release|Any CPU
		{257E6C73-54C1-403D-9B45-CAB11F596276}.SingleImage|x64.ActiveCfg = Release|x64
		{257E6C73-54C1-403D-9B45-CAB11F596276}.SingleImage|x64.Build.0 = Release|x64
		{257E6C73-54C1-403D-9B45-CAB11F596276}.SingleImage|x86.ActiveCfg = Release|x86
		{257E6C73-54C1-403D-9B45-CAB11F596276}.SingleImage|x86.Build.0 = Release|x86
		{0291728C-E816-4E84-AA51-92BDDE7E8CC2}.CD_ROM|Any CPU.ActiveCfg = Release|Any CPU
		{0291728C-E816-4E84-AA51-92BDDE7E8CC2}.CD_ROM|Any CPU.Build.0 = Release|Any CPU
		{0291728C-E816-4E84-AA51-92BDDE7E8CC2}.CD_ROM|x64.ActiveCfg = Release|Any CPU
		{0291728C-E816-4E84-AA51-92BDDE7E8CC2}.CD_ROM|x64.Build.0 = Release|Any CPU
		{0291728C-E816-4E84-AA51-92BDDE7E8CC2}.CD_ROM|x86.ActiveCfg = Release|Any CPU
		{0291728C-E816-4E84-AA51-92BDDE7E8CC2}.CD_ROM|x86.Build.0 = Release|Any CPU
		{0291728C-E816-4E84-AA51-92BDDE7E8CC2}.Debug|Any CPU.ActiveCfg = Debug|Any CPU
		{0291728C-E816-4E84-AA51-92BDDE7E8CC2}.Debug|Any CPU.Build.0 = Debug|Any CPU
		{0291728C-E816-4E84-AA51-92BDDE7E8CC2}.Debug|x64.ActiveCfg = Debug|Any CPU
		{0291728C-E816-4E84-AA51-92BDDE7E8CC2}.Debug|x64.Build.0 = Debug|Any CPU
		{0291728C-E816-4E84-AA51-92BDDE7E8CC2}.Debug|x86.ActiveCfg = Debug|Any CPU
		{0291728C-E816-4E84-AA51-92BDDE7E8CC2}.Debug|x86.Build.0 = Debug|Any CPU
		{0291728C-E816-4E84-AA51-92BDDE7E8CC2}.DVD-5|Any CPU.ActiveCfg = Debug|Any CPU
		{0291728C-E816-4E84-AA51-92BDDE7E8CC2}.DVD-5|Any CPU.Build.0 = Debug|Any CPU
		{0291728C-E816-4E84-AA51-92BDDE7E8CC2}.DVD-5|x64.ActiveCfg = Debug|Any CPU
		{0291728C-E816-4E84-AA51-92BDDE7E8CC2}.DVD-5|x64.Build.0 = Debug|Any CPU
		{0291728C-E816-4E84-AA51-92BDDE7E8CC2}.DVD-5|x86.ActiveCfg = Debug|Any CPU
		{0291728C-E816-4E84-AA51-92BDDE7E8CC2}.DVD-5|x86.Build.0 = Debug|Any CPU
		{0291728C-E816-4E84-AA51-92BDDE7E8CC2}.Release|Any CPU.ActiveCfg = Release|Any CPU
		{0291728C-E816-4E84-AA51-92BDDE7E8CC2}.Release|Any CPU.Build.0 = Release|Any CPU
		{0291728C-E816-4E84-AA51-92BDDE7E8CC2}.Release|x64.ActiveCfg = Release|Any CPU
		{0291728C-E816-4E84-AA51-92BDDE7E8CC2}.Release|x64.Build.0 = Release|Any CPU
		{0291728C-E816-4E84-AA51-92BDDE7E8CC2}.Release|x86.ActiveCfg = Release|Any CPU
		{0291728C-E816-4E84-AA51-92BDDE7E8CC2}.Release|x86.Build.0 = Release|Any CPU
		{0291728C-E816-4E84-AA51-92BDDE7E8CC2}.SingleImage|Any CPU.ActiveCfg = Release|Any CPU
		{0291728C-E816-4E84-AA51-92BDDE7E8CC2}.SingleImage|Any CPU.Build.0 = Release|Any CPU
		{0291728C-E816-4E84-AA51-92BDDE7E8CC2}.SingleImage|x64.ActiveCfg = Release|Any CPU
		{0291728C-E816-4E84-AA51-92BDDE7E8CC2}.SingleImage|x64.Build.0 = Release|Any CPU
		{0291728C-E816-4E84-AA51-92BDDE7E8CC2}.SingleImage|x86.ActiveCfg = Release|Any CPU
		{0291728C-E816-4E84-AA51-92BDDE7E8CC2}.SingleImage|x86.Build.0 = Release|Any CPU
	EndGlobalSection
	GlobalSection(SolutionProperties) = preSolution
		HideSolutionNode = FALSE
	EndGlobalSection
EndGlobal
